
Microsoft Visual Studio Solution File, Format Version 12.00
# Visual Studio Version 16
VisualStudioVersion = 16.0.31729.503
MinimumVisualStudioVersion = 10.0.40219.1
Project("{FAE04EC0-301F-11D3-BF4B-00C04F79EFBC}") = "ClothingOnlineWeb", "ClothingOnlineWeb\ClothingOnlineWeb.csproj", "{B94ECF13-84EA-409F-BB80-490B80EB0F62}"
EndProject
Global
	GlobalSection(SolutionConfigurationPlatforms) = preSolution
		Debug|Any CPU = Debug|Any CPU
		Release|Any CPU = Release|Any CPU
	EndGlobalSection
	GlobalSection(ProjectConfigurationPlatforms) = postSolution
		{B94ECF13-84EA-409F-BB80-490B80EB0F62}.Debug|Any CPU.ActiveCfg = Debug|Any CPU
		{B94ECF13-84EA-409F-BB80-490B80EB0F62}.Debug|Any CPU.Build.0 = Debug|Any CPU
		{B94ECF13-84EA-409F-BB80-490B80EB0F62}.Release|Any CPU.ActiveCfg = Release|Any CPU
		{B94ECF13-84EA-409F-BB80-490B80EB0F62}.Release|Any CPU.Build.0 = Release|Any CPU
	EndGlobalSection
	GlobalSection(SolutionProperties) = preSolution
		HideSolutionNode = FALSE
	EndGlobalSection
	GlobalSection(ExtensibilityGlobals) = postSolution
		SolutionGuid = {5C74E8C8-FFD6-4676-A673-4C0920FB25B3}
	EndGlobalSection
EndGlobal
